{
  "meteor": {},
  "dependencies": {
    "basePackages": {
      "iron-router": {},
      "bootstrap-3": {},
      "moment-alternative": {}
    },
    "packages": {
      "iron-router": {
        "git": "https://github.com/EventedMind/iron-router.git",
        "tag": "v0.5.4",
        "commit": "3e0e22ff85630b7503d0daa1538c6d90abb84020"
      },
      "bootstrap-3": {
        "git": "https://github.com/mangasocial/meteor-bootstrap-3.git",
        "tag": "v0.3.4",
        "commit": "680c056e849d079a1b669247f347da2b443aad91"
      },
      "moment-alternative": {
        "git": "https://github.com/acreeger/meteor-moment.git",
        "tag": "v2.1.0.3",
        "commit": "ab7d2dd2f5035b9eb011cc8ddb34d24da4b18cde"
      }
    }
  }
}
