{
  "meteor": {},
  "dependencies": {
    "basePackages": {
      "moment-alternative": {},
      "font-awesome": {},
      "belt-gravatar": {},
      "select2": {},
      "modernizr-meteor": {},
      "npm": {},
      "accounts-ui-bootstrap-3": {},
      "bootstrap-3": {},
      "iron-router": {},
      "collection2": {}
    },
    "packages": {
      "moment-alternative": {
        "git": "https://github.com/acreeger/meteor-moment.git",
        "tag": "v2.1.0.3",
        "commit": "ab7d2dd2f5035b9eb011cc8ddb34d24da4b18cde"
      },
      "font-awesome": {
        "git": "https://github.com/nate-strauser/meteor-font-awesome.git",
        "tag": "v4.0.3",
        "commit": "61e9361384347547ae144f8228faa4deffda23db"
      },
      "belt-gravatar": {
        "git": "https://github.com/meteorbelt/belt-gravatar.git",
        "tag": "v0.2.0",
        "commit": "2037bd36d2719f08465870e2d8f9e715c2c78faa"
      },
      "select2": {
        "git": "https://github.com/nate-strauser/meteor-select2.git",
        "tag": "v3.4.5",
        "commit": "4a8d05582b949a14f0ee217c185166abbf112822"
      },
      "modernizr-meteor": {
        "git": "https://github.com/ckir/modernizr-meteor.git",
        "tag": "v2.6.2",
        "commit": "391ca2a3beff3cd2b0e1099cb2d744b5a2e8a73e"
      },
      "npm": {
        "git": "https://github.com/arunoda/meteor-npm.git",
        "tag": "v0.2.6",
        "commit": "177ab6118de5bf8cffb19481343d5762ff7a2aaf"
      },
      "accounts-ui-bootstrap-3": {
        "git": "https://github.com/mangasocial/meteor-accounts-ui-bootstrap-3.git",
        "tag": "v0.3.0-1",
        "commit": "93ffa5d0e325dc7026de89f6d90c178fa04bdd3a"
      },
      "bootstrap-3": {
        "git": "https://github.com/mangasocial/meteor-bootstrap-3.git",
        "tag": "v3.1.1-1",
        "commit": "63dd38968828bb8963636df93e9a1c45e2dfe67e"
      },
      "iron-router": {
        "git": "https://github.com/EventedMind/iron-router.git",
        "tag": "v0.7.0",
        "commit": "05f34bc48c4cad9fdaa366c1ddcabe6980232ece"
      },
      "collection2": {
        "git": "https://github.com/aldeed/meteor-collection2.git",
        "tag": "v0.3.11",
        "commit": "7e970671305657678e8508d8107d5e6c5e158559"
      },
      "belt-md5": {
        "git": "https://github.com/meteorbelt/belt-md5.git",
        "tag": "v0.2.0",
        "commit": "20890dc42c6866ca826fdf65d14c801164b597cd"
      },
      "blaze-layout": {
        "git": "https://github.com/EventedMind/blaze-layout.git",
        "tag": "v0.2.2",
        "commit": "8bc53798fe5965669ae67c72f91829fcfdceabfd"
      },
      "simple-schema": {
        "git": "https://github.com/aldeed/meteor-simple-schema.git",
        "tag": "v0.2.45",
        "commit": "27a5a943a70a7376c90f18d2e2a4a122c6fc73fb"
      }
    }
  }
}
